
Microsoft Visual Studio Solution File, Format Version 12.00
# Visual Studio Version 16
VisualStudioVersion = 16.6.30114.105
MinimumVisualStudioVersion = 10.0.40219.1
Project("{9A19103F-16F7-4668-BE54-9A1E7A4F7556}") = "SportsStore", "SportsStore\SportsStore.csproj", "{9F7FC8B3-672C-4912-B728-D28761052932}"
EndProject
Project("{9A19103F-16F7-4668-BE54-9A1E7A4F7556}") = "SportsStore.Tests", "SportsStore.Tests\SportsStore.Tests.csproj", "{37244610-5587-471A-AB2E-E9C731923437}"
EndProject
Global
	GlobalSection(SolutionConfigurationPlatforms) = preSolution
		Debug|Any CPU = Debug|Any CPU
		Debug|x64 = Debug|x64
		Debug|x86 = Debug|x86
		Release|Any CPU = Release|Any CPU
		Release|x64 = Release|x64
		Release|x86 = Release|x86
	EndGlobalSection
	GlobalSection(ProjectConfigurationPlatforms) = postSolution
		{9F7FC8B3-672C-4912-B728-D28761052932}.Debug|Any CPU.ActiveCfg = Debug|Any CPU
		{9F7FC8B3-672C-4912-B728-D28761052932}.Debug|Any CPU.Build.0 = Debug|Any CPU
		{9F7FC8B3-672C-4912-B728-D28761052932}.Debug|x64.ActiveCfg = Debug|Any CPU
		{9F7FC8B3-672C-4912-B728-D28761052932}.Debug|x64.Build.0 = Debug|Any CPU
		{9F7FC8B3-672C-4912-B728-D28761052932}.Debug|x86.ActiveCfg = Debug|Any CPU
		{9F7FC8B3-672C-4912-B728-D28761052932}.Debug|x86.Build.0 = Debug|Any CPU
		{9F7FC8B3-672C-4912-B728-D28761052932}.Release|Any CPU.ActiveCfg = Release|Any CPU
		{9F7FC8B3-672C-4912-B728-D28761052932}.Release|Any CPU.Build.0 = Release|Any CPU
		{9F7FC8B3-672C-4912-B728-D28761052932}.Release|x64.ActiveCfg = Release|Any CPU
		{9F7FC8B3-672C-4912-B728-D28761052932}.Release|x64.Build.0 = Release|Any CPU
		{9F7FC8B3-672C-4912-B728-D28761052932}.Release|x86.ActiveCfg = Release|Any CPU
		{9F7FC8B3-672C-4912-B728-D28761052932}.Release|x86.Build.0 = Release|Any CPU
		{37244610-5587-471A-AB2E-E9C731923437}.Debug|Any CPU.ActiveCfg = Debug|Any CPU
		{37244610-5587-471A-AB2E-E9C731923437}.Debug|Any CPU.Build.0 = Debug|Any CPU
		{37244610-5587-471A-AB2E-E9C731923437}.Debug|x64.ActiveCfg = Debug|Any CPU
		{37244610-5587-471A-AB2E-E9C731923437}.Debug|x64.Build.0 = Debug|Any CPU
		{37244610-5587-471A-AB2E-E9C731923437}.Debug|x86.ActiveCfg = Debug|Any CPU
		{37244610-5587-471A-AB2E-E9C731923437}.Debug|x86.Build.0 = Debug|Any CPU
		{37244610-5587-471A-AB2E-E9C731923437}.Release|Any CPU.ActiveCfg = Release|Any CPU
		{37244610-5587-471A-AB2E-E9C731923437}.Release|Any CPU.Build.0 = Release|Any CPU
		{37244610-5587-471A-AB2E-E9C731923437}.Release|x64.ActiveCfg = Release|Any CPU
		{37244610-5587-471A-AB2E-E9C731923437}.Release|x64.Build.0 = Release|Any CPU
		{37244610-5587-471A-AB2E-E9C731923437}.Release|x86.ActiveCfg = Release|Any CPU
		{37244610-5587-471A-AB2E-E9C731923437}.Release|x86.Build.0 = Release|Any CPU
	EndGlobalSection
	GlobalSection(SolutionProperties) = preSolution
		HideSolutionNode = FALSE
	EndGlobalSection
	GlobalSection(ExtensibilityGlobals) = postSolution
		SolutionGuid = {4655319E-4070-4202-A3EB-759C0CED12B1}
	EndGlobalSection
EndGlobal
